
Microsoft Visual Studio Solution File, Format Version 12.00
# Visual Studio Version 17
VisualStudioVersion = 17.14.36414.22
MinimumVisualStudioVersion = 10.0.40219.1
Project("{FAE04EC0-301F-11D3-BF4B-00C04F79EFBC}") = "TodoApi", "TodoApi.csproj", "{32F4BC85-6831-451C-8B7D-B9AD6A3AFB71}"
EndProject
Project("{FAE04EC0-301F-11D3-BF4B-00C04F79EFBC}") = "BlazorApp", "..\ApiBlazor\BlazorApp\BlazorApp.csproj", "{9054F152-E2F4-4F25-8833-04E8D761FF17}"
EndProject
Global
	GlobalSection(SolutionConfigurationPlatforms) = preSolution
		Debug|Any CPU = Debug|Any CPU
		Debug|x64 = Debug|x64
		Debug|x86 = Debug|x86
		Release|Any CPU = Release|Any CPU
		Release|x64 = Release|x64
		Release|x86 = Release|x86
	EndGlobalSection
	GlobalSection(ProjectConfigurationPlatforms) = postSolution
		{32F4BC85-6831-451C-8B7D-B9AD6A3AFB71}.Debug|Any CPU.ActiveCfg = Debug|Any CPU
		{32F4BC85-6831-451C-8B7D-B9AD6A3AFB71}.Debug|Any CPU.Build.0 = Debug|Any CPU
		{32F4BC85-6831-451C-8B7D-B9AD6A3AFB71}.Debug|x64.ActiveCfg = Debug|Any CPU
		{32F4BC85-6831-451C-8B7D-B9AD6A3AFB71}.Debug|x64.Build.0 = Debug|Any CPU
		{32F4BC85-6831-451C-8B7D-B9AD6A3AFB71}.Debug|x86.ActiveCfg = Debug|Any CPU
		{32F4BC85-6831-451C-8B7D-B9AD6A3AFB71}.Debug|x86.Build.0 = Debug|Any CPU
		{32F4BC85-6831-451C-8B7D-B9AD6A3AFB71}.Release|Any CPU.ActiveCfg = Release|Any CPU
		{32F4BC85-6831-451C-8B7D-B9AD6A3AFB71}.Release|Any CPU.Build.0 = Release|Any CPU
		{32F4BC85-6831-451C-8B7D-B9AD6A3AFB71}.Release|x64.ActiveCfg = Release|Any CPU
		{32F4BC85-6831-451C-8B7D-B9AD6A3AFB71}.Release|x64.Build.0 = Release|Any CPU
		{32F4BC85-6831-451C-8B7D-B9AD6A3AFB71}.Release|x86.ActiveCfg = Release|Any CPU
		{32F4BC85-6831-451C-8B7D-B9AD6A3AFB71}.Release|x86.Build.0 = Release|Any CPU
		{9054F152-E2F4-4F25-8833-04E8D761FF17}.Debug|Any CPU.ActiveCfg = Debug|Any CPU
		{9054F152-E2F4-4F25-8833-04E8D761FF17}.Debug|Any CPU.Build.0 = Debug|Any CPU
		{9054F152-E2F4-4F25-8833-04E8D761FF17}.Debug|x64.ActiveCfg = Debug|Any CPU
		{9054F152-E2F4-4F25-8833-04E8D761FF17}.Debug|x64.Build.0 = Debug|Any CPU
		{9054F152-E2F4-4F25-8833-04E8D761FF17}.Debug|x86.ActiveCfg = Debug|Any CPU
		{9054F152-E2F4-4F25-8833-04E8D761FF17}.Debug|x86.Build.0 = Debug|Any CPU
		{9054F152-E2F4-4F25-8833-04E8D761FF17}.Release|Any CPU.ActiveCfg = Release|Any CPU
		{9054F152-E2F4-4F25-8833-04E8D761FF17}.Release|Any CPU.Build.0 = Release|Any CPU
		{9054F152-E2F4-4F25-8833-04E8D761FF17}.Release|x64.ActiveCfg = Release|Any CPU
		{9054F152-E2F4-4F25-8833-04E8D761FF17}.Release|x64.Build.0 = Release|Any CPU
		{9054F152-E2F4-4F25-8833-04E8D761FF17}.Release|x86.ActiveCfg = Release|Any CPU
		{9054F152-E2F4-4F25-8833-04E8D761FF17}.Release|x86.Build.0 = Release|Any CPU
	EndGlobalSection
	GlobalSection(SolutionProperties) = preSolution
		HideSolutionNode = FALSE
	EndGlobalSection
	GlobalSection(ExtensibilityGlobals) = postSolution
		SolutionGuid = {29D9F261-AD18-4CAF-80DC-AD0224141485}
	EndGlobalSection
EndGlobal
